// !$*UTF8*$!
{
	archiveVersion = 1;
	classes = {
	};
	objectVersion = 50;
	objects = {

/* Begin PBXBuildFile section */
		4EF4AA61272B0B8C00890726 /* AppDelegate.swift in Sources */ = {isa = PBXBuildFile; fileRef = 4EF4AA60272B0B8C00890726 /* AppDelegate.swift */; };
		4EF4AA63272B0B8C00890726 /* SceneDelegate.swift in Sources */ = {isa = PBXBuildFile; fileRef = 4EF4AA62272B0B8C00890726 /* SceneDelegate.swift */; };
		4EF4AA65272B0B8C00890726 /* ViewController.swift in Sources */ = {isa = PBXBuildFile; fileRef = 4EF4AA64272B0B8C00890726 /* ViewController.swift */; };
		4EF4AA68272B0B8C00890726 /* Main.storyboard in Resources */ = {isa = PBXBuildFile; fileRef = 4EF4AA66272B0B8C00890726 /* Main.storyboard */; };
		4EF4AA6B272B0B8C00890726 /* homework_gb.xcdatamodeld in Sources */ = {isa = PBXBuildFile; fileRef = 4EF4AA69272B0B8C00890726 /* homework_gb.xcdatamodeld */; };
		4EF4AA6D272B0B8E00890726 /* Assets.xcassets in Resources */ = {isa = PBXBuildFile; fileRef = 4EF4AA6C272B0B8E00890726 /* Assets.xcassets */; };
		4EF4AA70272B0B8E00890726 /* LaunchScreen.storyboard in Resources */ = {isa = PBXBuildFile; fileRef = 4EF4AA6E272B0B8E00890726 /* LaunchScreen.storyboard */; };
/* End PBXBuildFile section */

/* Begin PBXFileReference section */
		4EF4AA5D272B0B8C00890726 /* homework-gb.app */ = {isa = PBXFileReference; explicitFileType = wrapper.application; includeInIndex = 0; path = "homework-gb.app"; sourceTree = BUILT_PRODUCTS_DIR; };
		4EF4AA60272B0B8C00890726 /* AppDelegate.swift */ = {isa = PBXFileReference; lastKnownFileType = sourcecode.swift; path = AppDelegate.swift; sourceTree = "<group>"; };
		4EF4AA62272B0B8C00890726 /* SceneDelegate.swift */ = {isa = PBXFileReference; lastKnownFileType = sourcecode.swift; path = SceneDelegate.swift; sourceTree = "<group>"; };
		4EF4AA64272B0B8C00890726 /* ViewController.swift */ = {isa = PBXFileReference; lastKnownFileType = sourcecode.swift; path = ViewController.swift; sourceTree = "<group>"; };
		4EF4AA67272B0B8C00890726 /* Base */ = {isa = PBXFileReference; lastKnownFileType = file.storyboard; name = Base; path = Base.lproj/Main.storyboard; sourceTree = "<group>"; };
		4EF4AA6A272B0B8C00890726 /* homework_gb.xcdatamodel */ = {isa = PBXFileReference; lastKnownFileType = wrapper.xcdatamodel; path = homework_gb.xcdatamodel; sourceTree = "<group>"; };
		4EF4AA6C272B0B8E00890726 /* Assets.xcassets */ = {isa = PBXFileReference; lastKnownFileType = folder.assetcatalog; path = Assets.xcassets; sourceTree = "<group>"; };
		4EF4AA6F272B0B8E00890726 /* Base */ = {isa = PBXFileReference; lastKnownFileType = file.storyboard; name = Base; path = Base.lproj/LaunchScreen.storyboard; sourceTree = "<group>"; };
		4EF4AA71272B0B8E00890726 /* Info.plist */ = {isa = PBXFileReference; lastKnownFileType = text.plist.xml; path = Info.plist; sourceTree = "<group>"; };
/* End PBXFileReference section */

/* Begin PBXFrameworksBuildPhase section */
		4EF4AA5A272B0B8C00890726 /* Frameworks */ = {
			isa = PBXFrameworksBuildPhase;
			buildActionMask = 2147483647;
			files = (
			);
			runOnlyForDeploymentPostprocessing = 0;
		};
/* End PBXFrameworksBuildPhase section */

/* Begin PBXGroup section */
		4EF4AA54272B0B8C00890726 = {
			isa = PBXGroup;
			children = (
				4EF4AA5F272B0B8C00890726 /* homework-gb */,
				4EF4AA5E272B0B8C00890726 /* Products */,
			);
			sourceTree = "<group>";
		};
		4EF4AA5E272B0B8C00890726 /* Products */ = {
			isa = PBXGroup;
			children = (
				4EF4AA5D272B0B8C00890726 /* homework-gb.app */,
			);
			name = Products;
			sourceTree = "<group>";
		};
		4EF4AA5F272B0B8C00890726 /* homework-gb */ = {
			isa = PBXGroup;
			children = (
				4EF4AA60272B0B8C00890726 /* AppDelegate.swift */,
				4EF4AA62272B0B8C00890726 /* SceneDelegate.swift */,
				4EF4AA64272B0B8C00890726 /* ViewController.swift */,
				4EF4AA66272B0B8C00890726 /* Main.storyboard */,
				4EF4AA6C272B0B8E00890726 /* Assets.xcassets */,
				4EF4AA6E272B0B8E00890726 /* LaunchScreen.storyboard */,
				4EF4AA71272B0B8E00890726 /* Info.plist */,
				4EF4AA69272B0B8C00890726 /* homework_gb.xcdatamodeld */,
			);
			path = "homework-gb";
			sourceTree = "<group>";
		};
/* End PBXGroup section */

/* Begin PBXNativeTarget section */
		4EF4AA5C272B0B8C00890726 /* homework-gb */ = {
			isa = PBXNativeTarget;
			buildConfigurationList = 4EF4AA74272B0B8E00890726 /* Build configuration list for PBXNativeTarget "homework-gb" */;
			buildPhases = (
				4EF4AA59272B0B8C00890726 /* Sources */,
				4EF4AA5A272B0B8C00890726 /* Frameworks */,
				4EF4AA5B272B0B8C00890726 /* Resources */,
			);
			buildRules = (
			);
			dependencies = (
			);
			name = "homework-gb";
			productName = "homework-gb";
			productReference = 4EF4AA5D272B0B8C00890726 /* homework-gb.app */;
			productType = "com.apple.product-type.application";
		};
/* End PBXNativeTarget section */

/* Begin PBXProject section */
		4EF4AA55272B0B8C00890726 /* Project object */ = {
			isa = PBXProject;
			attributes = {
				LastSwiftUpdateCheck = 1250;
				LastUpgradeCheck = 1250;
				TargetAttributes = {
					4EF4AA5C272B0B8C00890726 = {
						CreatedOnToolsVersion = 12.5.1;
					};
				};
			};
			buildConfigurationList = 4EF4AA58272B0B8C00890726 /* Build configuration list for PBXProject "homework-gb" */;
			compatibilityVersion = "Xcode 9.3";
			developmentRegion = en;
			hasScannedForEncodings = 0;
			knownRegions = (
				en,
				Base,
			);
			mainGroup = 4EF4AA54272B0B8C00890726;
			productRefGroup = 4EF4AA5E272B0B8C00890726 /* Products */;
			projectDirPath = "";
			projectRoot = "";
			targets = (
				4EF4AA5C272B0B8C00890726 /* homework-gb */,
			);
		};
/* End PBXProject section */

/* Begin PBXResourcesBuildPhase section */
		4EF4AA5B272B0B8C00890726 /* Resources */ = {
			isa = PBXResourcesBuildPhase;
			buildActionMask = 2147483647;
			files = (
				4EF4AA70272B0B8E00890726 /* LaunchScreen.storyboard in Resources */,
				4EF4AA6D272B0B8E00890726 /* Assets.xcassets in Resources */,
				4EF4AA68272B0B8C00890726 /* Main.storyboard in Resources */,
			);
			runOnlyForDeploymentPostprocessing = 0;
		};
/* End PBXResourcesBuildPhase section */

/* Begin PBXSourcesBuildPhase section */
		4EF4AA59272B0B8C00890726 /* Sources */ = {
			isa = PBXSourcesBuildPhase;
			buildActionMask = 2147483647;
			files = (
				4EF4AA6B272B0B8C00890726 /* homework_gb.xcdatamodeld in Sources */,
				4EF4AA65272B0B8C00890726 /* ViewController.swift in Sources */,
				4EF4AA61272B0B8C00890726 /* AppDelegate.swift in Sources */,
				4EF4AA63272B0B8C00890726 /* SceneDelegate.swift in Sources */,
			);
			runOnlyForDeploymentPostprocessing = 0;
		};
/* End PBXSourcesBuildPhase section */

/* Begin PBXVariantGroup section */
		4EF4AA66272B0B8C00890726 /* Main.storyboard */ = {
			isa = PBXVariantGroup;
			children = (
				4EF4AA67272B0B8C00890726 /* Base */,
			);
			name = Main.storyboard;
			sourceTree = "<group>";
		};
		4EF4AA6E272B0B8E00890726 /* LaunchScreen.storyboard */ = {
			isa = PBXVariantGroup;
			children = (
				4EF4AA6F272B0B8E00890726 /* Base */,
			);
			name = LaunchScreen.storyboard;
			sourceTree = "<group>";
		};
/* End PBXVariantGroup section */

/* Begin XCBuildConfiguration section */
		4EF4AA72272B0B8E00890726 /* Debug */ = {
			isa = XCBuildConfiguration;
			buildSettings = {
				ALWAYS_SEARCH_USER_PATHS = NO;
				CLANG_ANALYZER_NONNULL = YES;
				CLANG_ANALYZER_NUMBER_OBJECT_CONVERSION = YES_AGGRESSIVE;
				CLANG_CXX_LANGUAGE_STANDARD = "gnu++14";
				CLANG_CXX_LIBRARY = "libc++";
				CLANG_ENABLE_MODULES = YES;
				CLANG_ENABLE_OBJC_ARC = YES;
				CLANG_ENABLE_OBJC_WEAK = YES;
				CLANG_WARN_BLOCK_CAPTURE_AUTORELEASING = YES;
				CLANG_WARN_BOOL_CONVERSION = YES;
				CLANG_WARN_COMMA = YES;
				CLANG_WARN_CONSTANT_CONVERSION = YES;
				CLANG_WARN_DEPRECATED_OBJC_IMPLEMENTATIONS = YES;
				CLANG_WARN_DIRECT_OBJC_ISA_USAGE = YES_ERROR;
				CLANG_WARN_DOCUMENTATION_COMMENTS = YES;
				CLANG_WARN_EMPTY_BODY = YES;
				CLANG_WARN_ENUM_CONVERSION = YES;
				CLANG_WARN_INFINITE_RECURSION = YES;
				CLANG_WARN_INT_CONVERSION = YES;
				CLANG_WARN_NON_LITERAL_NULL_CONVERSION = YES;
				CLANG_WARN_OBJC_IMPLICIT_RETAIN_SELF = YES;
				CLANG_WARN_OBJC_LITERAL_CONVERSION = YES;
				CLANG_WARN_OBJC_ROOT_CLASS = YES_ERROR;
				CLANG_WARN_QUOTED_INCLUDE_IN_FRAMEWORK_HEADER = YES;
				CLANG_WARN_RANGE_LOOP_ANALYSIS = YES;
				CLANG_WARN_STRICT_PROTOTYPES = YES;
				CLANG_WARN_SUSPICIOUS_MOVE = YES;
				CLANG_WARN_UNGUARDED_AVAILABILITY = YES_AGGRESSIVE;
				CLANG_WARN_UNREACHABLE_CODE = YES;
				CLANG_WARN__DUPLICATE_METHOD_MATCH = YES;
				COPY_PHASE_STRIP = NO;
				DEBUG_INFORMATION_FORMAT = dwarf;
				ENABLE_STRICT_OBJC_MSGSEND = YES;
				ENABLE_TESTABILITY = YES;
				GCC_C_LANGUAGE_STANDARD = gnu11;
				GCC_DYNAMIC_NO_PIC = NO;
				GCC_NO_COMMON_BLOCKS = YES;
				GCC_OPTIMIZATION_LEVEL = 0;
				GCC_PREPROCESSOR_DEFINITIONS = (
					"DEBUG=1",
					"$(inherited)",
				);
				GCC_WARN_64_TO_32_BIT_CONVERSION = YES;
				GCC_WARN_ABOUT_RETURN_TYPE = YES_ERROR;
				GCC_WARN_UNDECLARED_SELECTOR = YES;
				GCC_WARN_UNINITIALIZED_AUTOS = YES_AGGRESSIVE;
				GCC_WARN_UNUSED_FUNCTION = YES;
				GCC_WARN_UNUSED_VARIABLE = YES;
				IPHONEOS_DEPLOYMENT_TARGET = 14.5;
				MTL_ENABLE_DEBUG_INFO = INCLUDE_SOURCE;
				MTL_FAST_MATH = YES;
				ONLY_ACTIVE_ARCH = YES;
				SDKROOT = iphoneos;
				SWIFT_ACTIVE_COMPILATION_CONDITIONS = DEBUG;
				SWIFT_OPTIMIZATION_LEVEL = "-Onone";
			};
			name = Debug;
		};
		4EF4AA73272B0B8E00890726 /* Release */ = {
			isa = XCBuildConfiguration;
			buildSettings = {
				ALWAYS_SEARCH_USER_PATHS = NO;
				CLANG_ANALYZER_NONNULL = YES;
				CLANG_ANALYZER_NUMBER_OBJECT_CONVERSION = YES_AGGRESSIVE;
				CLANG_CXX_LANGUAGE_STANDARD = "gnu++14";
				CLANG_CXX_LIBRARY = "libc++";
				CLANG_ENABLE_MODULES = YES;
				CLANG_ENABLE_OBJC_ARC = YES;
				CLANG_ENABLE_OBJC_WEAK = YES;
				CLANG_WARN_BLOCK_CAPTURE_AUTORELEASING = YES;
				CLANG_WARN_BOOL_CONVERSION = YES;
				CLANG_WARN_COMMA = YES;
				CLANG_WARN_CONSTANT_CONVERSION = YES;
				CLANG_WARN_DEPRECATED_OBJC_IMPLEMENTATIONS = YES;
				CLANG_WARN_DIRECT_OBJC_ISA_USAGE = YES_ERROR;
				CLANG_WARN_DOCUMENTATION_COMMENTS = YES;
				CLANG_WARN_EMPTY_BODY = YES;
				CLANG_WARN_ENUM_CONVERSION = YES;
				CLANG_WARN_INFINITE_RECURSION = YES;
				CLANG_WARN_INT_CONVERSION = YES;
				CLANG_WARN_NON_LITERAL_NULL_CONVERSION = YES;
				CLANG_WARN_OBJC_IMPLICIT_RETAIN_SELF = YES;
				CLANG_WARN_OBJC_LITERAL_CONVERSION = YES;
				CLANG_WARN_OBJC_ROOT_CLASS = YES_ERROR;
				CLANG_WARN_QUOTED_INCLUDE_IN_FRAMEWORK_HEADER = YES;
				CLANG_WARN_RANGE_LOOP_ANALYSIS = YES;
				CLANG_WARN_STRICT_PROTOTYPES = YES;
				CLANG_WARN_SUSPICIOUS_MOVE = YES;
				CLANG_WARN_UNGUARDED_AVAILABILITY = YES_AGGRESSIVE;
				CLANG_WARN_UNREACHABLE_CODE = YES;
				CLANG_WARN__DUPLICATE_METHOD_MATCH = YES;
				COPY_PHASE_STRIP = NO;
				DEBUG_INFORMATION_FORMAT = "dwarf-with-dsym";
				ENABLE_NS_ASSERTIONS = NO;
				ENABLE_STRICT_OBJC_MSGSEND = YES;
				GCC_C_LANGUAGE_STANDARD = gnu11;
				GCC_NO_COMMON_BLOCKS = YES;
				GCC_WARN_64_TO_32_BIT_CONVERSION = YES;
				GCC_WARN_ABOUT_RETURN_TYPE = YES_ERROR;
				GCC_WARN_UNDECLARED_SELECTOR = YES;
				GCC_WARN_UNINITIALIZED_AUTOS = YES_AGGRESSIVE;
				GCC_WARN_UNUSED_FUNCTION = YES;
				GCC_WARN_UNUSED_VARIABLE = YES;
				IPHONEOS_DEPLOYMENT_TARGET = 14.5;
				MTL_ENABLE_DEBUG_INFO = NO;
				MTL_FAST_MATH = YES;
				SDKROOT = iphoneos;
				SWIFT_COMPILATION_MODE = wholemodule;
				SWIFT_OPTIMIZATION_LEVEL = "-O";
				VALIDATE_PRODUCT = YES;
			};
			name = Release;
		};
		4EF4AA75272B0B8E00890726 /* Debug */ = {
			isa = XCBuildConfiguration;
			buildSettings = {
				ASSETCATALOG_COMPILER_APPICON_NAME = AppIcon;
				ASSETCATALOG_COMPILER_GLOBAL_ACCENT_COLOR_NAME = AccentColor;
				CODE_SIGN_STYLE = Automatic;
				DEVELOPMENT_TEAM = 2M9HY92M34;
				INFOPLIST_FILE = "homework-gb/Info.plist";
				LD_RUNPATH_SEARCH_PATHS = (
					"$(inherited)",
					"@executable_path/Frameworks",
				);
				PRODUCT_BUNDLE_IDENTIFIER = "eugeneberezkin87-gmail.com.homework-gb";
				PRODUCT_NAME = "$(TARGET_NAME)";
				SWIFT_VERSION = 5.0;
				TARGETED_DEVICE_FAMILY = "1,2";
			};
			name = Debug;
		};
		4EF4AA76272B0B8E00890726 /* Release */ = {
			isa = XCBuildConfiguration;
			buildSettings = {
				ASSETCATALOG_COMPILER_APPICON_NAME = AppIcon;
				ASSETCATALOG_COMPILER_GLOBAL_ACCENT_COLOR_NAME = AccentColor;
				CODE_SIGN_STYLE = Automatic;
				DEVELOPMENT_TEAM = 2M9HY92M34;
				INFOPLIST_FILE = "homework-gb/Info.plist";
				LD_RUNPATH_SEARCH_PATHS = (
					"$(inherited)",
					"@executable_path/Frameworks",
				);
				PRODUCT_BUNDLE_IDENTIFIER = "eugeneberezkin87-gmail.com.homework-gb";
				PRODUCT_NAME = "$(TARGET_NAME)";
				SWIFT_VERSION = 5.0;
				TARGETED_DEVICE_FAMILY = "1,2";
			};
			name = Release;
		};
/* End XCBuildConfiguration section */

/* Begin XCConfigurationList section */
		4EF4AA58272B0B8C00890726 /* Build configuration list for PBXProject "homework-gb" */ = {
			isa = XCConfigurationList;
			buildConfigurations = (
				4EF4AA72272B0B8E00890726 /* Debug */,
				4EF4AA73272B0B8E00890726 /* Release */,
			);
			defaultConfigurationIsVisible = 0;
			defaultConfigurationName = Release;
		};
		4EF4AA74272B0B8E00890726 /* Build configuration list for PBXNativeTarget "homework-gb" */ = {
			isa = XCConfigurationList;
			buildConfigurations = (
				4EF4AA75272B0B8E00890726 /* Debug */,
				4EF4AA76272B0B8E00890726 /* Release */,
			);
			defaultConfigurationIsVisible = 0;
			defaultConfigurationName = Release;
		};
/* End XCConfigurationList section */

/* Begin XCVersionGroup section */
		4EF4AA69272B0B8C00890726 /* homework_gb.xcdatamodeld */ = {
			isa = XCVersionGroup;
			children = (
				4EF4AA6A272B0B8C00890726 /* homework_gb.xcdatamodel */,
			);
			currentVersion = 4EF4AA6A272B0B8C00890726 /* homework_gb.xcdatamodel */;
			path = homework_gb.xcdatamodeld;
			sourceTree = "<group>";
			versionGroupType = wrapper.xcdatamodel;
		};
/* End XCVersionGroup section */
	};
	rootObject = 4EF4AA55272B0B8C00890726 /* Project object */;
}
